<?xml version="1.0" encoding="utf-8"?>
<Project ToolsVersion="18.0" xmlns="http://schemas.microsoft.com/developer/msbuild/2003">
  <ItemGroup>
    <CustomBuild Include="C:\Basecam\python_serialAPI\native\build-x64\CMakeFiles\01683095b800067c60588736e065eded\INSTALL_force.rule">
      <Filter>CMake Rules</Filter>
    </CustomBuild>
  </ItemGroup>
  <ItemGroup>
    <Filter Include="CMake Rules">
      <UniqueIdentifier>{EBB0CCDD-F355-3227-97EB-746C9378A401}</UniqueIdentifier>
    </Filter>
  </ItemGroup>
</Project>
