<?xml version="1.0" encoding="UTF-8"?>
<Solution>
	<Configurations>
		<BuildType Name="Debug"/>
		<BuildType Name="Release"/>
		<BuildType Name="MinSizeRel"/>
		<BuildType Name="RelWithDebInfo"/>
		<Platform Name="x64"/>
	</Configurations>
	<Project Path="ALL_BUILD.vcxproj" Type="8bc9ceb8-8b4a-11d0-8d11-00a0c91bc942" Id="2e1db1bd-11db-39d9-acf0-1e3d30157656" DefaultStartup="true">
		<BuildDependency Project="ZERO_CHECK.vcxproj"/>
		<BuildDependency Project="sbgc_python.vcxproj"/>
		<BuildDependency Project="sbgc_python_pyserial.vcxproj"/>
	</Project>
	<Project Path="INSTALL.vcxproj" Type="8bc9ceb8-8b4a-11d0-8d11-00a0c91bc942" Id="2db42513-49dd-3512-b899-7408b3e2bac8">
		<BuildDependency Project="ALL_BUILD.vcxproj"/>
		<BuildDependency Project="ZERO_CHECK.vcxproj"/>
		<Build Solution="Debug|*" Project="false"/>
		<Build Solution="Release|*" Project="false"/>
		<Build Solution="MinSizeRel|*" Project="false"/>
		<Build Solution="RelWithDebInfo|*" Project="false"/>
	</Project>
	<Project Path="ZERO_CHECK.vcxproj" Type="8bc9ceb8-8b4a-11d0-8d11-00a0c91bc942" Id="7ce5f1ae-a940-37f2-8bc4-1ef1083c7ab4"/>
	<Project Path="sbgc_python.vcxproj" Type="8bc9ceb8-8b4a-11d0-8d11-00a0c91bc942" Id="3dba5441-9f24-3e78-aba8-b073a0af30fe">
		<BuildDependency Project="ZERO_CHECK.vcxproj"/>
	</Project>
	<Project Path="sbgc_python_pyserial.vcxproj" Type="8bc9ceb8-8b4a-11d0-8d11-00a0c91bc942" Id="112b5812-67e0-3ba7-b47f-469f91e00852">
		<BuildDependency Project="ZERO_CHECK.vcxproj"/>
	</Project>
</Solution>
